{
  "lockfile_version": "1",
  "packages": {
    "act": {
      "resolved": "github:NixOS/nixpkgs/e8be7818e19ada32105a8af937a6a473b38167ca#act",
      "source": "nixpkg"
    },
    "cargo": {
      "resolved": "github:NixOS/nixpkgs/e8be7818e19ada32105a8af937a6a473b38167ca#cargo",
      "source": "nixpkg"
    },
    "clippy": {
      "resolved": "github:NixOS/nixpkgs/e8be7818e19ada32105a8af937a6a473b38167ca#clippy",
      "source": "nixpkg"
    },
    "cmake": {
      "resolved": "github:NixOS/nixpkgs/e8be7818e19ada32105a8af937a6a473b38167ca#cmake",
      "source": "nixpkg"
    },
    "github:NixOS/nixpkgs/nixpkgs-unstable": {
      "last_modified": "2026-08-29T00:50:12Z",
      "resolved": "github:NixOS/nixpkgs/e8be7818e19ada32105a8af937a6a473b38167ca?lastModified=1787964612"
    },
    "pkg-config": {
      "resolved": "github:NixOS/nixpkgs/e8be7818e19ada32105a8af937a6a473b38167ca#pkg-config",
      "source": "nixpkg"
    },
    "python3": {
      "plugin_version": "0.0.5",
      "resolved": "github:NixOS/nixpkgs/e8be7818e19ada32105a8af937a6a473b38167ca#python3",
      "source": "nixpkg"
    },
    "rust-analyzer": {
      "resolved": "github:NixOS/nixpkgs/e8be7818e19ada32105a8af937a6a473b38167ca#rust-analyzer",
      "source": "nixpkg"
    },
    "rustfmt": {
      "resolved": "github:NixOS/nixpkgs/e8be7818e19ada32105a8af937a6a473b38167ca#rustfmt",
      "source": "nixpkg"
    }
  }
}
